{
    "_meta": {
        "hash": {
            "sha256": "2b81f48127f69dd68876b773721548e8b7130a3100c8056e23389c9e67f29451"
        },
        "pipfile-spec": 6,
        "requires": {
            "python_version": "3.9"
        },
        "sources": [
            {
                "name": "pypi",
                "url": "https://pypi.org/simple",
                "verify_ssl": true
            }
        ]
    },
    "default": {
        "attrs": {
            "hashes": [
                "sha256:149e90d6d8ac20db7a955ad60cf0e6881a3f20d37096140088356da6c716b0b1",
                "sha256:ef6aaac3ca6cd92904cdd0d83f629a15f18053ec84e6432106f7a4d04ae4f5fb"
            ],
            "markers": "python_version >= '2.7' and python_version not in '3.0, 3.1, 3.2, 3.3, 3.4'",
            "version": "==21.2.0"
        },
        "aws-cdk-lib": {
            "hashes": [
                "sha256:7a9cf65816cdcd94c4a1b29129cb91bffe5c2ababec01ab7f0f4b8c1c027939e",
                "sha256:8a976a344139f24c77cea01a6ca9eaa5d071ee14bc2ec5f2a2c13eb2760a3843"
            ],
            "index": "pypi",
            "version": "==2.0.0-rc.21"
        },
        "cattrs": {
            "hashes": [
                "sha256:5c121ab06a7cac494813c228721a7feb5a6423b17316eeaebf13f5a03e5b0d53",
                "sha256:901fb2040529ae8fc9d93f48a2cdf7de3e983312ffb2a164ffa4e9847f253af1"
            ],
            "markers": "python_version >= '3.7'",
            "version": "==1.8.0"
        },
        "constructs": {
            "hashes": [
                "sha256:dbaebcc8a9aba95feba6829d0569478d384ab8275b3a7ea497a5cebb38164123",
                "sha256:e21193c260962adfd21dbf453456ffcf2912b8fd515e2c1ce9428a435ff8028e"
            ],
            "index": "pypi",
            "version": "==10.0.5"
        },
        "jsii": {
            "hashes": [
                "sha256:d0a703d0d44bf78bb90529699599d2a58a68ca764f996808e97eafc68e2467de",
                "sha256:e72ba5fafabdd5b6a3a65bd2cf42302eb87f2fe7c6339bddb808226a91623654"
            ],
            "markers": "python_version ~= '3.6'",
            "version": "==1.34.0"
        },
        "publication": {
            "hashes": [
                "sha256:0248885351febc11d8a1098d5c8e3ab2dabcf3e8c0c96db1e17ecd12b53afbe6",
                "sha256:68416a0de76dddcdd2930d1c8ef853a743cc96c82416c4e4d3b5d901c6276dc4"
            ],
            "version": "==0.0.3"
        },
        "python-dateutil": {
            "hashes": [
                "sha256:0123cacc1627ae19ddf3c27a5de5bd67ee4586fbdd6440d9748f8abb483d3e86",
                "sha256:961d03dc3453ebbc59dbdea9e4e11c5651520a876d0f4db161e8674aae935da9"
            ],
            "markers": "python_version >= '2.7' and python_version not in '3.0, 3.1, 3.2, 3.3'",
            "version": "==2.8.2"
        },
        "six": {
            "hashes": [
                "sha256:1e61c37477a1626458e36f7b1d82aa5c9b094fa4802892072e49de9c60c4c926",
                "sha256:8abb2f1d86890a2dfb989f9a77cfcfd3e47c2a354b01111771326f8aa26e0254"
            ],
            "markers": "python_version >= '2.7' and python_version not in '3.0, 3.1, 3.2, 3.3'",
            "version": "==1.16.0"
        },
        "typing-extensions": {
            "hashes": [
                "sha256:49f75d16ff11f1cd258e1b988ccff82a3ca5570217d7ad8c5f48205dd99a677e",
                "sha256:d8226d10bc02a29bcc81df19a26e56a9647f8b0a6d4a83924139f4a8b01f17b7",
                "sha256:f1d25edafde516b146ecd0613dabcc61409817af4766fbbcfb8d1ad4ec441a34"
            ],
            "version": "==3.10.0.2"
        }
    },
    "develop": {}
}
